Microsoft Visual Studio Solution File, Format Version 11.00
# Visual Studio 2008

Project("{D040DE54-46A4-FD7E-8736-328CAB7C90F2}") = "New Unity Project 10", "Assembly-CSharp.csproj", "{87B5BD45-73DA-B648-1005-3DAFA917BA1D}"
EndProject
Global
	GlobalSection(SolutionConfigurationPlatforms) = preSolution
		Debug|Any CPU = Debug|Any CPU
		Release|Any CPU = Release|Any CPU
	EndGlobalSection
	GlobalSection(ProjectConfigurationPlatforms) = postSolution
		{87B5BD45-73DA-B648-1005-3DAFA917BA1D}.Debug|Any CPU.ActiveCfg = Debug|Any CPU
		{87B5BD45-73DA-B648-1005-3DAFA917BA1D}.Debug|Any CPU.Build.0 = Debug|Any CPU
		{87B5BD45-73DA-B648-1005-3DAFA917BA1D}.Release|Any CPU.ActiveCfg = Release|Any CPU
		{87B5BD45-73DA-B648-1005-3DAFA917BA1D}.Release|Any CPU.Build.0 = Release|Any CPU
	EndGlobalSection
	GlobalSection(SolutionProperties) = preSolution
		HideSolutionNode = FALSE
	EndGlobalSection
	GlobalSection(MonoDevelopProperties) = preSolution
		StartupItem = Assembly-CSharp.csproj
	EndGlobalSection
EndGlobal
